
Microsoft Visual Studio Solution File, Format Version 12.00
# Visual Studio Version 17
VisualStudioVersion = 17.5.33516.290
MinimumVisualStudioVersion = 10.0.40219.1
Project("{8BC9CEB8-8B4A-11D0-8D11-00A0C91BC942}") = "OOP_Pract6", "OOP_Pract6.vcxproj", "{6FE1A214-B1E5-48A8-A259-F85A61F5DE31}"
EndProject
Global
	GlobalSection(SolutionConfigurationPlatforms) = preSolution
		Debug|x64 = Debug|x64
		Debug|x86 = Debug|x86
		Release|x64 = Release|x64
		Release|x86 = Release|x86
	EndGlobalSection
	GlobalSection(ProjectConfigurationPlatforms) = postSolution
		{6FE1A214-B1E5-48A8-A259-F85A61F5DE31}.Debug|x64.ActiveCfg = Debug|x64
		{6FE1A214-B1E5-48A8-A259-F85A61F5DE31}.Debug|x64.Build.0 = Debug|x64
		{6FE1A214-B1E5-48A8-A259-F85A61F5DE31}.Debug|x86.ActiveCfg = Debug|Win32
		{6FE1A214-B1E5-48A8-A259-F85A61F5DE31}.Debug|x86.Build.0 = Debug|Win32
		{6FE1A214-B1E5-48A8-A259-F85A61F5DE31}.Release|x64.ActiveCfg = Release|x64
		{6FE1A214-B1E5-48A8-A259-F85A61F5DE31}.Release|x64.Build.0 = Release|x64
		{6FE1A214-B1E5-48A8-A259-F85A61F5DE31}.Release|x86.ActiveCfg = Release|Win32
		{6FE1A214-B1E5-48A8-A259-F85A61F5DE31}.Release|x86.Build.0 = Release|Win32
	EndGlobalSection
	GlobalSection(SolutionProperties) = preSolution
		HideSolutionNode = FALSE
	EndGlobalSection
	GlobalSection(ExtensibilityGlobals) = postSolution
		SolutionGuid = {80DE4C63-F271-4BDB-9CF4-E8E8C8DAAA08}
	EndGlobalSection
EndGlobal
