
Microsoft Visual Studio Solution File, Format Version 12.00
# Visual Studio Version 17
VisualStudioVersion = 17.3.32922.545
MinimumVisualStudioVersion = 10.0.40219.1
Project("{8BC9CEB8-8B4A-11D0-8D11-00A0C91BC942}") = "LabWork09", "LabWork09.vcxproj", "{E9D6E4D5-976A-46A4-843F-A4403382190D}"
EndProject
Global
	GlobalSection(SolutionConfigurationPlatforms) = preSolution
		Debug|x64 = Debug|x64
		Debug|x86 = Debug|x86
		Release|x64 = Release|x64
		Release|x86 = Release|x86
	EndGlobalSection
	GlobalSection(ProjectConfigurationPlatforms) = postSolution
		{E9D6E4D5-976A-46A4-843F-A4403382190D}.Debug|x64.ActiveCfg = Debug|x64
		{E9D6E4D5-976A-46A4-843F-A4403382190D}.Debug|x64.Build.0 = Debug|x64
		{E9D6E4D5-976A-46A4-843F-A4403382190D}.Debug|x86.ActiveCfg = Debug|Win32
		{E9D6E4D5-976A-46A4-843F-A4403382190D}.Debug|x86.Build.0 = Debug|Win32
		{E9D6E4D5-976A-46A4-843F-A4403382190D}.Release|x64.ActiveCfg = Release|x64
		{E9D6E4D5-976A-46A4-843F-A4403382190D}.Release|x64.Build.0 = Release|x64
		{E9D6E4D5-976A-46A4-843F-A4403382190D}.Release|x86.ActiveCfg = Release|Win32
		{E9D6E4D5-976A-46A4-843F-A4403382190D}.Release|x86.Build.0 = Release|Win32
	EndGlobalSection
	GlobalSection(SolutionProperties) = preSolution
		HideSolutionNode = FALSE
	EndGlobalSection
	GlobalSection(ExtensibilityGlobals) = postSolution
		SolutionGuid = {118C9526-F061-42CD-9689-F41D114832CA}
	EndGlobalSection
EndGlobal
